<?xml version="1.0" encoding="utf-8"?>
<Project ToolsVersion="4.0" xmlns="http://schemas.microsoft.com/developer/msbuild/2003">
  <ItemGroup>
    <Filter Include="Source Files">
      <UniqueIdentifier>{f14860a2-570f-4ad7-8ea6-b88a087ab0af}</UniqueIdentifier>
      <Extensions>cpp;c;cxx;def;odl;idl;hpj;bat;asm</Extensions>
    </Filter>
    <Filter Include="Header Files">
      <UniqueIdentifier>{68d2bb3a-5f8e-4ff5-b7a4-c7d00a1e7f4d}</UniqueIdentifier>
      <Extensions>h;hpp;hxx;hm;inl;inc</Extensions>
    </Filter>
    <Filter Include="Resource Files">
      <UniqueIdentifier>{ee246aae-0e2f-41bb-9972-c4fbd1a8217b}</UniqueIdentifier>
      <Extensions>rc;ico;cur;bmp;dlg;rc2;rct;bin;rgs;jpg;jpeg;jpe;manifest</Extensions>
    </Filter>
  </ItemGroup>
  <ItemGroup>
    <ClCompile Include="clie.cpp">
      <Filter>Source Files</Filter>
    </ClCompile>
    <ClCompile Include="mro_err.cpp">
      <Filter>Source Files</Filter>
    </ClCompile>
    <ClCompile Include="mro_fns.cpp">
      <Filter>Source Files</Filter>
    </ClCompile>
    <ClCompile Include="mro_log.cpp">
      <Filter>Source Files</Filter>
    </ClCompile>
    <ClCompile Include="mro_mem.cpp">
      <Filter>Source Files</Filter>
    </ClCompile>
    <ClCompile Include="mro_sql.cpp">
      <Filter>Source Files</Filter>
    </ClCompile>
    <ClCompile Include="mro_sys.cpp">
      <Filter>Source Files</Filter>
    </ClCompile>
    <ClCompile Include="mrosvr.cpp">
      <Filter>Source Files</Filter>
    </ClCompile>
    <ClCompile Include="proc.cpp">
      <Filter>Source Files</Filter>
    </ClCompile>
    <ClCompile Include="sched.cpp">
      <Filter>Source Files</Filter>
    </ClCompile>
    <ClCompile Include="stdafx.cpp">
      <Filter>Source Files</Filter>
    </ClCompile>
    <ClCompile Include="exec.cpp">
      <Filter>Source Files</Filter>
    </ClCompile>
    <ClCompile Include="mro_com.cpp">
      <Filter>Source Files</Filter>
    </ClCompile>
    <ClCompile Include="comm.cpp">
      <Filter>Source Files</Filter>
    </ClCompile>
    <ClCompile Include="mrofiles.cpp">
      <Filter>Source Files</Filter>
    </ClCompile>
    <ClCompile Include="mrofns.cpp">
      <Filter>Source Files</Filter>
    </ClCompile>
    <ClCompile Include="mronotif.cpp">
      <Filter>Source Files</Filter>
    </ClCompile>
    <ClCompile Include="mrorgs.cpp">
      <Filter>Source Files</Filter>
    </ClCompile>
    <ClCompile Include="mroscr.cpp">
      <Filter>Source Files</Filter>
    </ClCompile>
    <ClCompile Include="mroses.cpp">
      <Filter>Source Files</Filter>
    </ClCompile>
    <ClCompile Include="mroacf.cpp">
      <Filter>Source Files</Filter>
    </ClCompile>
    <ClCompile Include="SessionMan.cpp">
      <Filter>Source Files</Filter>
    </ClCompile>
    <ClCompile Include="modcom.cpp">
      <Filter>Source Files</Filter>
    </ClCompile>
    <ClCompile Include="Database.cpp">
      <Filter>Source Files</Filter>
    </ClCompile>
    <ClCompile Include="mroiis.cpp">
      <Filter>Source Files</Filter>
    </ClCompile>
    <ClCompile Include="mroparms.cpp">
      <Filter>Source Files</Filter>
    </ClCompile>
    <ClCompile Include="mrosock.cpp">
      <Filter>Source Files</Filter>
    </ClCompile>
    <ClCompile Include="UTF16File.cpp">
      <Filter>Source Files</Filter>
    </ClCompile>
    <ClCompile Include="util.cpp">
      <Filter>Source Files</Filter>
    </ClCompile>
    <ClCompile Include="XmlDocument.cpp">
      <Filter>Source Files</Filter>
    </ClCompile>
  </ItemGroup>
  <ItemGroup>
    <ClInclude Include="clie.h">
      <Filter>Header Files</Filter>
    </ClInclude>
    <ClInclude Include="defs.h">
      <Filter>Header Files</Filter>
    </ClInclude>
    <ClInclude Include="mro_com.h">
      <Filter>Header Files</Filter>
    </ClInclude>
    <ClInclude Include="mro_dll.h">
      <Filter>Header Files</Filter>
    </ClInclude>
    <ClInclude Include="mro_err.h">
      <Filter>Header Files</Filter>
    </ClInclude>
    <ClInclude Include="mro_fns.h">
      <Filter>Header Files</Filter>
    </ClInclude>
    <ClInclude Include="mro_log.h">
      <Filter>Header Files</Filter>
    </ClInclude>
    <ClInclude Include="mro_mem.h">
      <Filter>Header Files</Filter>
    </ClInclude>
    <ClInclude Include="mro_sql.h">
      <Filter>Header Files</Filter>
    </ClInclude>
    <ClInclude Include="mro_sys.h">
      <Filter>Header Files</Filter>
    </ClInclude>
    <ClInclude Include="mrosvr.h">
      <Filter>Header Files</Filter>
    </ClInclude>
    <ClInclude Include="proc.h">
      <Filter>Header Files</Filter>
    </ClInclude>
    <ClInclude Include="Resource.h">
      <Filter>Header Files</Filter>
    </ClInclude>
    <ClInclude Include="sched.h">
      <Filter>Header Files</Filter>
    </ClInclude>
    <ClInclude Include="stdafx.h">
      <Filter>Header Files</Filter>
    </ClInclude>
    <ClInclude Include="exec.h">
      <Filter>Header Files</Filter>
    </ClInclude>
    <ClInclude Include="comm.h">
      <Filter>Header Files</Filter>
    </ClInclude>
    <ClInclude Include="targetver.h">
      <Filter>Header Files</Filter>
    </ClInclude>
    <ClInclude Include="mrofns.h">
      <Filter>Header Files</Filter>
    </ClInclude>
    <ClInclude Include="SessionMan.h">
      <Filter>Header Files</Filter>
    </ClInclude>
    <ClInclude Include="modcom.h">
      <Filter>Header Files</Filter>
    </ClInclude>
    <ClInclude Include="mro_cmd.h">
      <Filter>Header Files</Filter>
    </ClInclude>
    <ClInclude Include="Database.h">
      <Filter>Header Files</Filter>
    </ClInclude>
    <ClInclude Include="mro_defs.h">
      <Filter>Header Files</Filter>
    </ClInclude>
    <ClInclude Include="mro_errs.h">
      <Filter>Header Files</Filter>
    </ClInclude>
    <ClInclude Include="mroiis.h">
      <Filter>Header Files</Filter>
    </ClInclude>
    <ClInclude Include="mroparms.h">
      <Filter>Header Files</Filter>
    </ClInclude>
    <ClInclude Include="mrosock.h">
      <Filter>Header Files</Filter>
    </ClInclude>
    <ClInclude Include="UTF16File.h">
      <Filter>Header Files</Filter>
    </ClInclude>
    <ClInclude Include="util.h">
      <Filter>Header Files</Filter>
    </ClInclude>
    <ClInclude Include="XmlDocument.h">
      <Filter>Header Files</Filter>
    </ClInclude>
  </ItemGroup>
  <ItemGroup>
    <None Include="res\mrosvr.ico">
      <Filter>Resource Files</Filter>
    </None>
    <None Include="res\mrosvr.rc2">
      <Filter>Resource Files</Filter>
    </None>
  </ItemGroup>
  <ItemGroup>
    <ResourceCompile Include="mrosvr.rc">
      <Filter>Resource Files</Filter>
    </ResourceCompile>
  </ItemGroup>
</Project>